
Microsoft Visual Studio Solution File, Format Version 12.00
# Visual Studio 15
VisualStudioVersion = 15.0.28010.2003
MinimumVisualStudioVersion = 10.0.40219.1
Project("{FAE04EC0-301F-11D3-BF4B-00C04F79EFBC}") = "SP Cheats", "spcheats\SP Cheats.csproj", "{2894E354-5915-48DB-BEB6-5C3532894A39}"
EndProject
Global
	GlobalSection(SolutionConfigurationPlatforms) = preSolution
		Debug|Any CPU = Debug|Any CPU
		Release|Any CPU = Release|Any CPU
	EndGlobalSection
	GlobalSection(ProjectConfigurationPlatforms) = postSolution
		{2894E354-5915-48DB-BEB6-5C3532894A39}.Debug|Any CPU.ActiveCfg = Debug|Any CPU
		{2894E354-5915-48DB-BEB6-5C3532894A39}.Debug|Any CPU.Build.0 = Debug|Any CPU
		{2894E354-5915-48DB-BEB6-5C3532894A39}.Release|Any CPU.ActiveCfg = Release|Any CPU
		{2894E354-5915-48DB-BEB6-5C3532894A39}.Release|Any CPU.Build.0 = Release|Any CPU
	EndGlobalSection
	GlobalSection(SolutionProperties) = preSolution
		HideSolutionNode = FALSE
	EndGlobalSection
	GlobalSection(ExtensibilityGlobals) = postSolution
		SolutionGuid = {E005E1B4-DBF9-40B2-BABA-4FF5B166BFF8}
	EndGlobalSection
EndGlobal
